
Microsoft Visual Studio Solution File, Format Version 12.00
# Visual Studio Version 17
VisualStudioVersion = 17.4.33213.308
MinimumVisualStudioVersion = 10.0.40219.1
Project("{FAE04EC0-301F-11D3-BF4B-00C04F79EFBC}") = "PriseDeCommande.Android", "PriseDeCommande\PriseDeCommande.Android\PriseDeCommande.Android.csproj", "{FB8C7683-67D0-4040-8F85-D4FF61006D0A}"
EndProject
Project("{FAE04EC0-301F-11D3-BF4B-00C04F79EFBC}") = "PriseDeCommande.iOS", "PriseDeCommande\PriseDeCommande.iOS\PriseDeCommande.iOS.csproj", "{31EC775C-1E64-4986-821D-ED9DC25E4737}"
EndProject
Project("{FAE04EC0-301F-11D3-BF4B-00C04F79EFBC}") = "PriseDeCommande", "PriseDeCommande\PriseDeCommande\PriseDeCommande.csproj", "{B6509E77-4502-48BB-836E-827AA4679715}"
EndProject
Global
	GlobalSection(SolutionConfigurationPlatforms) = preSolution
		Debug|Any CPU = Debug|Any CPU
		Debug|iPhone = Debug|iPhone
		Debug|iPhoneSimulator = Debug|iPhoneSimulator
		Release|Any CPU = Release|Any CPU
		Release|iPhone = Release|iPhone
		Release|iPhoneSimulator = Release|iPhoneSimulator
	EndGlobalSection
	GlobalSection(ProjectConfigurationPlatforms) = postSolution
		{FB8C7683-67D0-4040-8F85-D4FF61006D0A}.Debug|Any CPU.ActiveCfg = Debug|Any CPU
		{FB8C7683-67D0-4040-8F85-D4FF61006D0A}.Debug|Any CPU.Build.0 = Debug|Any CPU
		{FB8C7683-67D0-4040-8F85-D4FF61006D0A}.Debug|Any CPU.Deploy.0 = Debug|Any CPU
		{FB8C7683-67D0-4040-8F85-D4FF61006D0A}.Debug|iPhone.ActiveCfg = Debug|Any CPU
		{FB8C7683-67D0-4040-8F85-D4FF61006D0A}.Debug|iPhone.Build.0 = Debug|Any CPU
		{FB8C7683-67D0-4040-8F85-D4FF61006D0A}.Debug|iPhone.Deploy.0 = Debug|Any CPU
		{FB8C7683-67D0-4040-8F85-D4FF61006D0A}.Debug|iPhoneSimulator.ActiveCfg = Debug|Any CPU
		{FB8C7683-67D0-4040-8F85-D4FF61006D0A}.Debug|iPhoneSimulator.Build.0 = Debug|Any CPU
		{FB8C7683-67D0-4040-8F85-D4FF61006D0A}.Debug|iPhoneSimulator.Deploy.0 = Debug|Any CPU
		{FB8C7683-67D0-4040-8F85-D4FF61006D0A}.Release|Any CPU.ActiveCfg = Release|Any CPU
		{FB8C7683-67D0-4040-8F85-D4FF61006D0A}.Release|Any CPU.Build.0 = Release|Any CPU
		{FB8C7683-67D0-4040-8F85-D4FF61006D0A}.Release|Any CPU.Deploy.0 = Release|Any CPU
		{FB8C7683-67D0-4040-8F85-D4FF61006D0A}.Release|iPhone.ActiveCfg = Release|Any CPU
		{FB8C7683-67D0-4040-8F85-D4FF61006D0A}.Release|iPhone.Build.0 = Release|Any CPU
		{FB8C7683-67D0-4040-8F85-D4FF61006D0A}.Release|iPhone.Deploy.0 = Release|Any CPU
		{FB8C7683-67D0-4040-8F85-D4FF61006D0A}.Release|iPhoneSimulator.ActiveCfg = Release|Any CPU
		{FB8C7683-67D0-4040-8F85-D4FF61006D0A}.Release|iPhoneSimulator.Build.0 = Release|Any CPU
		{FB8C7683-67D0-4040-8F85-D4FF61006D0A}.Release|iPhoneSimulator.Deploy.0 = Release|Any CPU
		{31EC775C-1E64-4986-821D-ED9DC25E4737}.Debug|Any CPU.ActiveCfg = Debug|iPhone
		{31EC775C-1E64-4986-821D-ED9DC25E4737}.Debug|Any CPU.Build.0 = Debug|iPhone
		{31EC775C-1E64-4986-821D-ED9DC25E4737}.Debug|Any CPU.Deploy.0 = Debug|iPhone
		{31EC775C-1E64-4986-821D-ED9DC25E4737}.Debug|iPhone.ActiveCfg = Debug|iPhone
		{31EC775C-1E64-4986-821D-ED9DC25E4737}.Debug|iPhone.Build.0 = Debug|iPhone
		{31EC775C-1E64-4986-821D-ED9DC25E4737}.Debug|iPhone.Deploy.0 = Debug|iPhone
		{31EC775C-1E64-4986-821D-ED9DC25E4737}.Debug|iPhoneSimulator.ActiveCfg = Debug|iPhoneSimulator
		{31EC775C-1E64-4986-821D-ED9DC25E4737}.Debug|iPhoneSimulator.Build.0 = Debug|iPhoneSimulator
		{31EC775C-1E64-4986-821D-ED9DC25E4737}.Debug|iPhoneSimulator.Deploy.0 = Debug|iPhoneSimulator
		{31EC775C-1E64-4986-821D-ED9DC25E4737}.Release|Any CPU.ActiveCfg = Release|iPhoneSimulator
		{31EC775C-1E64-4986-821D-ED9DC25E4737}.Release|Any CPU.Build.0 = Release|iPhoneSimulator
		{31EC775C-1E64-4986-821D-ED9DC25E4737}.Release|Any CPU.Deploy.0 = Release|iPhoneSimulator
		{31EC775C-1E64-4986-821D-ED9DC25E4737}.Release|iPhone.ActiveCfg = Release|iPhone
		{31EC775C-1E64-4986-821D-ED9DC25E4737}.Release|iPhone.Build.0 = Release|iPhone
		{31EC775C-1E64-4986-821D-ED9DC25E4737}.Release|iPhone.Deploy.0 = Release|iPhone
		{31EC775C-1E64-4986-821D-ED9DC25E4737}.Release|iPhoneSimulator.ActiveCfg = Release|iPhoneSimulator
		{31EC775C-1E64-4986-821D-ED9DC25E4737}.Release|iPhoneSimulator.Build.0 = Release|iPhoneSimulator
		{31EC775C-1E64-4986-821D-ED9DC25E4737}.Release|iPhoneSimulator.Deploy.0 = Release|iPhoneSimulator
		{B6509E77-4502-48BB-836E-827AA4679715}.Debug|Any CPU.ActiveCfg = Debug|Any CPU
		{B6509E77-4502-48BB-836E-827AA4679715}.Debug|Any CPU.Build.0 = Debug|Any CPU
		{B6509E77-4502-48BB-836E-827AA4679715}.Debug|Any CPU.Deploy.0 = Debug|Any CPU
		{B6509E77-4502-48BB-836E-827AA4679715}.Debug|iPhone.ActiveCfg = Debug|Any CPU
		{B6509E77-4502-48BB-836E-827AA4679715}.Debug|iPhone.Build.0 = Debug|Any CPU
		{B6509E77-4502-48BB-836E-827AA4679715}.Debug|iPhone.Deploy.0 = Debug|Any CPU
		{B6509E77-4502-48BB-836E-827AA4679715}.Debug|iPhoneSimulator.ActiveCfg = Debug|Any CPU
		{B6509E77-4502-48BB-836E-827AA4679715}.Debug|iPhoneSimulator.Build.0 = Debug|Any CPU
		{B6509E77-4502-48BB-836E-827AA4679715}.Debug|iPhoneSimulator.Deploy.0 = Debug|Any CPU
		{B6509E77-4502-48BB-836E-827AA4679715}.Release|Any CPU.ActiveCfg = Release|Any CPU
		{B6509E77-4502-48BB-836E-827AA4679715}.Release|Any CPU.Build.0 = Release|Any CPU
		{B6509E77-4502-48BB-836E-827AA4679715}.Release|Any CPU.Deploy.0 = Release|Any CPU
		{B6509E77-4502-48BB-836E-827AA4679715}.Release|iPhone.ActiveCfg = Release|Any CPU
		{B6509E77-4502-48BB-836E-827AA4679715}.Release|iPhone.Build.0 = Release|Any CPU
		{B6509E77-4502-48BB-836E-827AA4679715}.Release|iPhone.Deploy.0 = Release|Any CPU
		{B6509E77-4502-48BB-836E-827AA4679715}.Release|iPhoneSimulator.ActiveCfg = Release|Any CPU
		{B6509E77-4502-48BB-836E-827AA4679715}.Release|iPhoneSimulator.Build.0 = Release|Any CPU
		{B6509E77-4502-48BB-836E-827AA4679715}.Release|iPhoneSimulator.Deploy.0 = Release|Any CPU
	EndGlobalSection
	GlobalSection(SolutionProperties) = preSolution
		HideSolutionNode = FALSE
	EndGlobalSection
	GlobalSection(ExtensibilityGlobals) = postSolution
		SolutionGuid = {79392C9C-7F2C-4110-970D-29F4E15A61A3}
	EndGlobalSection
EndGlobal
